// !$*UTF8*$!
{
	archiveVersion = 1;
	classes = {
	};
	objectVersion = 46;
	objects = {

/* Begin PBXBuildFile section */
		E59366BF19818518005166A9 /* Foundation.framework in Frameworks */ = {isa = PBXBuildFile; fileRef = E59366BE19818518005166A9 /* Foundation.framework */; };
		E59366C119818518005166A9 /* CoreGraphics.framework in Frameworks */ = {isa = PBXBuildFile; fileRef = E59366C019818518005166A9 /* CoreGraphics.framework */; };
		E59366C319818519005166A9 /* UIKit.framework in Frameworks */ = {isa = PBXBuildFile; fileRef = E59366C219818519005166A9 /* UIKit.framework */; };
		E59366C919818519005166A9 /* InfoPlist.strings in Resources */ = {isa = PBXBuildFile; fileRef = E59366C719818519005166A9 /* InfoPlist.strings */; };
		E59366CB19818519005166A9 /* main.m in Sources */ = {isa = PBXBuildFile; fileRef = E59366CA19818519005166A9 /* main.m */; };
		E59366CF19818519005166A9 /* YIBAppDelegate.m in Sources */ = {isa = PBXBuildFile; fileRef = E59366CE19818519005166A9 /* YIBAppDelegate.m */; };
		E59366D119818519005166A9 /* Images.xcassets in Resources */ = {isa = PBXBuildFile; fileRef = E59366D019818519005166A9 /* Images.xcassets */; };
		E59366D819818519005166A9 /* XCTest.framework in Frameworks */ = {isa = PBXBuildFile; fileRef = E59366D719818519005166A9 /* XCTest.framework */; };
		E59366D919818519005166A9 /* Foundation.framework in Frameworks */ = {isa = PBXBuildFile; fileRef = E59366BE19818518005166A9 /* Foundation.framework */; };
		E59366DA19818519005166A9 /* UIKit.framework in Frameworks */ = {isa = PBXBuildFile; fileRef = E59366C219818519005166A9 /* UIKit.framework */; };
		E59366E219818519005166A9 /* InfoPlist.strings in Resources */ = {isa = PBXBuildFile; fileRef = E59366E019818519005166A9 /* InfoPlist.strings */; };
		E59366E419818519005166A9 /* yelpbeaconTests.m in Sources */ = {isa = PBXBuildFile; fileRef = E59366E319818519005166A9 /* yelpbeaconTests.m */; };
/* End PBXBuildFile section */

/* Begin PBXContainerItemProxy section */
		E59366DB19818519005166A9 /* PBXContainerItemProxy */ = {
			isa = PBXContainerItemProxy;
			containerPortal = E59366B319818518005166A9 /* Project object */;
			proxyType = 1;
			remoteGlobalIDString = E59366BA19818518005166A9;
			remoteInfo = yelpbeacon;
		};
/* End PBXContainerItemProxy section */

/* Begin PBXFileReference section */
		E59366BB19818518005166A9 /* yelpbeacon.app */ = {isa = PBXFileReference; explicitFileType = wrapper.application; includeInIndex = 0; path = yelpbeacon.app; sourceTree = BUILT_PRODUCTS_DIR; };
		E59366BE19818518005166A9 /* Foundation.framework */ = {isa = PBXFileReference; lastKnownFileType = wrapper.framework; name = Foundation.framework; path = System/Library/Frameworks/Foundation.framework; sourceTree = SDKROOT; };
		E59366C019818518005166A9 /* CoreGraphics.framework */ = {isa = PBXFileReference; lastKnownFileType = wrapper.framework; name = CoreGraphics.framework; path = System/Library/Frameworks/CoreGraphics.framework; sourceTree = SDKROOT; };
		E59366C219818519005166A9 /* UIKit.framework */ = {isa = PBXFileReference; lastKnownFileType = wrapper.framework; name = UIKit.framework; path = System/Library/Frameworks/UIKit.framework; sourceTree = SDKROOT; };
		E59366C619818519005166A9 /* yelpbeacon-Info.plist */ = {isa = PBXFileReference; lastKnownFileType = text.plist.xml; path = "yelpbeacon-Info.plist"; sourceTree = "<group>"; };
		E59366C819818519005166A9 /* en */ = {isa = PBXFileReference; lastKnownFileType = text.plist.strings; name = en; path = en.lproj/InfoPlist.strings; sourceTree = "<group>"; };
		E59366CA19818519005166A9 /* main.m */ = {isa = PBXFileReference; lastKnownFileType = sourcecode.c.objc; path = main.m; sourceTree = "<group>"; };
		E59366CC19818519005166A9 /* yelpbeacon-Prefix.pch */ = {isa = PBXFileReference; lastKnownFileType = sourcecode.c.h; path = "yelpbeacon-Prefix.pch"; sourceTree = "<group>"; };
		E59366CD19818519005166A9 /* YIBAppDelegate.h */ = {isa = PBXFileReference; lastKnownFileType = sourcecode.c.h; path = YIBAppDelegate.h; sourceTree = "<group>"; };
		E59366CE19818519005166A9 /* YIBAppDelegate.m */ = {isa = PBXFileReference; lastKnownFileType = sourcecode.c.objc; path = YIBAppDelegate.m; sourceTree = "<group>"; };
		E59366D019818519005166A9 /* Images.xcassets */ = {isa = PBXFileReference; lastKnownFileType = folder.assetcatalog; path = Images.xcassets; sourceTree = "<group>"; };
		E59366D619818519005166A9 /* yelpbeaconTests.xctest */ = {isa = PBXFileReference; explicitFileType = wrapper.cfbundle; includeInIndex = 0; path = yelpbeaconTests.xctest; sourceTree = BUILT_PRODUCTS_DIR; };
		E59366D719818519005166A9 /* XCTest.framework */ = {isa = PBXFileReference; lastKnownFileType = wrapper.framework; name = XCTest.framework; path = Library/Frameworks/XCTest.framework; sourceTree = DEVELOPER_DIR; };
		E59366DF19818519005166A9 /* yelpbeaconTests-Info.plist */ = {isa = PBXFileReference; lastKnownFileType = text.plist.xml; path = "yelpbeaconTests-Info.plist"; sourceTree = "<group>"; };
		E59366E119818519005166A9 /* en */ = {isa = PBXFileReference; lastKnownFileType = text.plist.strings; name = en; path = en.lproj/InfoPlist.strings; sourceTree = "<group>"; };
		E59366E319818519005166A9 /* yelpbeaconTests.m */ = {isa = PBXFileReference; lastKnownFileType = sourcecode.c.objc; path = yelpbeaconTests.m; sourceTree = "<group>"; };
/* End PBXFileReference section */

/* Begin PBXFrameworksBuildPhase section */
		E59366B819818518005166A9 /* Frameworks */ = {
			isa = PBXFrameworksBuildPhase;
			buildActionMask = 2147483647;
			files = (
				E59366C119818518005166A9 /* CoreGraphics.framework in Frameworks */,
				E59366C319818519005166A9 /* UIKit.framework in Frameworks */,
				E59366BF19818518005166A9 /* Foundation.framework in Frameworks */,
			);
			runOnlyForDeploymentPostprocessing = 0;
		};
		E59366D319818519005166A9 /* Frameworks */ = {
			isa = PBXFrameworksBuildPhase;
			buildActionMask = 2147483647;
			files = (
				E59366D819818519005166A9 /* XCTest.framework in Frameworks */,
				E59366DA19818519005166A9 /* UIKit.framework in Frameworks */,
				E59366D919818519005166A9 /* Foundation.framework in Frameworks */,
			);
			runOnlyForDeploymentPostprocessing = 0;
		};
/* End PBXFrameworksBuildPhase section */

/* Begin PBXGroup section */
		E59366B219818518005166A9 = {
			isa = PBXGroup;
			children = (
				E59366C419818519005166A9 /* yelpbeacon */,
				E59366DD19818519005166A9 /* yelpbeaconTests */,
				E59366BD19818518005166A9 /* Frameworks */,
				E59366BC19818518005166A9 /* Products */,
			);
			sourceTree = "<group>";
		};
		E59366BC19818518005166A9 /* Products */ = {
			isa = PBXGroup;
			children = (
				E59366BB19818518005166A9 /* yelpbeacon.app */,
				E59366D619818519005166A9 /* yelpbeaconTests.xctest */,
			);
			name = Products;
			sourceTree = "<group>";
		};
		E59366BD19818518005166A9 /* Frameworks */ = {
			isa = PBXGroup;
			children = (
				E59366BE19818518005166A9 /* Foundation.framework */,
				E59366C019818518005166A9 /* CoreGraphics.framework */,
				E59366C219818519005166A9 /* UIKit.framework */,
				E59366D719818519005166A9 /* XCTest.framework */,
			);
			name = Frameworks;
			sourceTree = "<group>";
		};
		E59366C419818519005166A9 /* yelpbeacon */ = {
			isa = PBXGroup;
			children = (
				E59366CD19818519005166A9 /* YIBAppDelegate.h */,
				E59366CE19818519005166A9 /* YIBAppDelegate.m */,
				E59366D019818519005166A9 /* Images.xcassets */,
				E59366C519818519005166A9 /* Supporting Files */,
			);
			path = yelpbeacon;
			sourceTree = "<group>";
		};
		E59366C519818519005166A9 /* Supporting Files */ = {
			isa = PBXGroup;
			children = (
				E59366C619818519005166A9 /* yelpbeacon-Info.plist */,
				E59366C719818519005166A9 /* InfoPlist.strings */,
				E59366CA19818519005166A9 /* main.m */,
				E59366CC19818519005166A9 /* yelpbeacon-Prefix.pch */,
			);
			name = "Supporting Files";
			sourceTree = "<group>";
		};
		E59366DD19818519005166A9 /* yelpbeaconTests */ = {
			isa = PBXGroup;
			children = (
				E59366E319818519005166A9 /* yelpbeaconTests.m */,
				E59366DE19818519005166A9 /* Supporting Files */,
			);
			path = yelpbeaconTests;
			sourceTree = "<group>";
		};
		E59366DE19818519005166A9 /* Supporting Files */ = {
			isa = PBXGroup;
			children = (
				E59366DF19818519005166A9 /* yelpbeaconTests-Info.plist */,
				E59366E019818519005166A9 /* InfoPlist.strings */,
			);
			name = "Supporting Files";
			sourceTree = "<group>";
		};
/* End PBXGroup section */

/* Begin PBXNativeTarget section */
		E59366BA19818518005166A9 /* yelpbeacon */ = {
			isa = PBXNativeTarget;
			buildConfigurationList = E59366E719818519005166A9 /* Build configuration list for PBXNativeTarget "yelpbeacon" */;
			buildPhases = (
				E59366B719818518005166A9 /* Sources */,
				E59366B819818518005166A9 /* Frameworks */,
				E59366B919818518005166A9 /* Resources */,
			);
			buildRules = (
			);
			dependencies = (
			);
			name = yelpbeacon;
			productName = yelpbeacon;
			productReference = E59366BB19818518005166A9 /* yelpbeacon.app */;
			productType = "com.apple.product-type.application";
		};
		E59366D519818519005166A9 /* yelpbeaconTests */ = {
			isa = PBXNativeTarget;
			buildConfigurationList = E59366EA19818519005166A9 /* Build configuration list for PBXNativeTarget "yelpbeaconTests" */;
			buildPhases = (
				E59366D219818519005166A9 /* Sources */,
				E59366D319818519005166A9 /* Frameworks */,
				E59366D419818519005166A9 /* Resources */,
			);
			buildRules = (
			);
			dependencies = (
				E59366DC19818519005166A9 /* PBXTargetDependency */,
			);
			name = yelpbeaconTests;
			productName = yelpbeaconTests;
			productReference = E59366D619818519005166A9 /* yelpbeaconTests.xctest */;
			productType = "com.apple.product-type.bundle.unit-test";
		};
/* End PBXNativeTarget section */

/* Begin PBXProject section */
		E59366B319818518005166A9 /* Project object */ = {
			isa = PBXProject;
			attributes = {
				CLASSPREFIX = YIB;
				LastUpgradeCheck = 0510;
				ORGANIZATIONNAME = yelp;
				TargetAttributes = {
					E59366D519818519005166A9 = {
						TestTargetID = E59366BA19818518005166A9;
					};
				};
			};
			buildConfigurationList = E59366B619818518005166A9 /* Build configuration list for PBXProject "yelpbeacon" */;
			compatibilityVersion = "Xcode 3.2";
			developmentRegion = English;
			hasScannedForEncodings = 0;
			knownRegions = (
				en,
			);
			mainGroup = E59366B219818518005166A9;
			productRefGroup = E59366BC19818518005166A9 /* Products */;
			projectDirPath = "";
			projectRoot = "";
			targets = (
				E59366BA19818518005166A9 /* yelpbeacon */,
				E59366D519818519005166A9 /* yelpbeaconTests */,
			);
		};
/* End PBXProject section */

/* Begin PBXResourcesBuildPhase section */
		E59366B919818518005166A9 /* Resources */ = {
			isa = PBXResourcesBuildPhase;
			buildActionMask = 2147483647;
			files = (
				E59366C919818519005166A9 /* InfoPlist.strings in Resources */,
				E59366D119818519005166A9 /* Images.xcassets in Resources */,
			);
			runOnlyForDeploymentPostprocessing = 0;
		};
		E59366D419818519005166A9 /* Resources */ = {
			isa = PBXResourcesBuildPhase;
			buildActionMask = 2147483647;
			files = (
				E59366E219818519005166A9 /* InfoPlist.strings in Resources */,
			);
			runOnlyForDeploymentPostprocessing = 0;
		};
/* End PBXResourcesBuildPhase section */

/* Begin PBXSourcesBuildPhase section */
		E59366B719818518005166A9 /* Sources */ = {
			isa = PBXSourcesBuildPhase;
			buildActionMask = 2147483647;
			files = (
				E59366CB19818519005166A9 /* main.m in Sources */,
				E59366CF19818519005166A9 /* YIBAppDelegate.m in Sources */,
			);
			runOnlyForDeploymentPostprocessing = 0;
		};
		E59366D219818519005166A9 /* Sources */ = {
			isa = PBXSourcesBuildPhase;
			buildActionMask = 2147483647;
			files = (
				E59366E419818519005166A9 /* yelpbeaconTests.m in Sources */,
			);
			runOnlyForDeploymentPostprocessing = 0;
		};
/* End PBXSourcesBuildPhase section */

/* Begin PBXTargetDependency section */
		E59366DC19818519005166A9 /* PBXTargetDependency */ = {
			isa = PBXTargetDependency;
			target = E59366BA19818518005166A9 /* yelpbeacon */;
			targetProxy = E59366DB19818519005166A9 /* PBXContainerItemProxy */;
		};
/* End PBXTargetDependency section */

/* Begin PBXVariantGroup section */
		E59366C719818519005166A9 /* InfoPlist.strings */ = {
			isa = PBXVariantGroup;
			children = (
				E59366C819818519005166A9 /* en */,
			);
			name = InfoPlist.strings;
			sourceTree = "<group>";
		};
		E59366E019818519005166A9 /* InfoPlist.strings */ = {
			isa = PBXVariantGroup;
			children = (
				E59366E119818519005166A9 /* en */,
			);
			name = InfoPlist.strings;
			sourceTree = "<group>";
		};
/* End PBXVariantGroup section */

/* Begin XCBuildConfiguration section */
		E59366E519818519005166A9 /* Debug */ = {
			isa = XCBuildConfiguration;
			buildSettings = {
				ALWAYS_SEARCH_USER_PATHS = NO;
				CLANG_CXX_LANGUAGE_STANDARD = "gnu++0x";
				CLANG_CXX_LIBRARY = "libc++";
				CLANG_ENABLE_MODULES = YES;
				CLANG_ENABLE_OBJC_ARC = YES;
				CLANG_WARN_BOOL_CONVERSION = YES;
				CLANG_WARN_CONSTANT_CONVERSION = YES;
				CLANG_WARN_DIRECT_OBJC_ISA_USAGE = YES_ERROR;
				CLANG_WARN_EMPTY_BODY = YES;
				CLANG_WARN_ENUM_CONVERSION = YES;
				CLANG_WARN_INT_CONVERSION = YES;
				CLANG_WARN_OBJC_ROOT_CLASS = YES_ERROR;
				CLANG_WARN__DUPLICATE_METHOD_MATCH = YES;
				"CODE_SIGN_IDENTITY[sdk=iphoneos*]" = "iPhone Developer";
				COPY_PHASE_STRIP = NO;
				GCC_C_LANGUAGE_STANDARD = gnu99;
				GCC_DYNAMIC_NO_PIC = NO;
				GCC_OPTIMIZATION_LEVEL = 0;
				GCC_PREPROCESSOR_DEFINITIONS = (
					"DEBUG=1",
					"$(inherited)",
				);
				GCC_SYMBOLS_PRIVATE_EXTERN = NO;
				GCC_WARN_64_TO_32_BIT_CONVERSION = YES;
				GCC_WARN_ABOUT_RETURN_TYPE = YES_ERROR;
				GCC_WARN_UNDECLARED_SELECTOR = YES;
				GCC_WARN_UNINITIALIZED_AUTOS = YES_AGGRESSIVE;
				GCC_WARN_UNUSED_FUNCTION = YES;
				GCC_WARN_UNUSED_VARIABLE = YES;
				IPHONEOS_DEPLOYMENT_TARGET = 7.1;
				ONLY_ACTIVE_ARCH = YES;
				SDKROOT = iphoneos;
				TARGETED_DEVICE_FAMILY = "1,2";
			};
			name = Debug;
		};
		E59366E619818519005166A9 /* Release */ = {
			isa = XCBuildConfiguration;
			buildSettings = {
				ALWAYS_SEARCH_USER_PATHS = NO;
				CLANG_CXX_LANGUAGE_STANDARD = "gnu++0x";
				CLANG_CXX_LIBRARY = "libc++";
				CLANG_ENABLE_MODULES = YES;
				CLANG_ENABLE_OBJC_ARC = YES;
				CLANG_WARN_BOOL_CONVERSION = YES;
				CLANG_WARN_CONSTANT_CONVERSION = YES;
				CLANG_WARN_DIRECT_OBJC_ISA_USAGE = YES_ERROR;
				CLANG_WARN_EMPTY_BODY = YES;
				CLANG_WARN_ENUM_CONVERSION = YES;
				CLANG_WARN_INT_CONVERSION = YES;
				CLANG_WARN_OBJC_ROOT_CLASS = YES_ERROR;
				CLANG_WARN__DUPLICATE_METHOD_MATCH = YES;
				"CODE_SIGN_IDENTITY[sdk=iphoneos*]" = "iPhone Developer";
				COPY_PHASE_STRIP = YES;
				ENABLE_NS_ASSERTIONS = NO;
				GCC_C_LANGUAGE_STANDARD = gnu99;
				GCC_WARN_64_TO_32_BIT_CONVERSION = YES;
				GCC_WARN_ABOUT_RETURN_TYPE = YES_ERROR;
				GCC_WARN_UNDECLARED_SELECTOR = YES;
				GCC_WARN_UNINITIALIZED_AUTOS = YES_AGGRESSIVE;
				GCC_WARN_UNUSED_FUNCTION = YES;
				GCC_WARN_UNUSED_VARIABLE = YES;
				IPHONEOS_DEPLOYMENT_TARGET = 7.1;
				SDKROOT = iphoneos;
				TARGETED_DEVICE_FAMILY = "1,2";
				VALIDATE_PRODUCT = YES;
			};
			name = Release;
		};
		E59366E819818519005166A9 /* Debug */ = {
			isa = XCBuildConfiguration;
			buildSettings = {
				ASSETCATALOG_COMPILER_APPICON_NAME = AppIcon;
				ASSETCATALOG_COMPILER_LAUNCHIMAGE_NAME = LaunchImage;
				GCC_PRECOMPILE_PREFIX_HEADER = YES;
				GCC_PREFIX_HEADER = "yelpbeacon/yelpbeacon-Prefix.pch";
				INFOPLIST_FILE = "yelpbeacon/yelpbeacon-Info.plist";
				PRODUCT_NAME = "$(TARGET_NAME)";
				WRAPPER_EXTENSION = app;
			};
			name = Debug;
		};
		E59366E919818519005166A9 /* Release */ = {
			isa = XCBuildConfiguration;
			buildSettings = {
				ASSETCATALOG_COMPILER_APPICON_NAME = AppIcon;
				ASSETCATALOG_COMPILER_LAUNCHIMAGE_NAME = LaunchImage;
				GCC_PRECOMPILE_PREFIX_HEADER = YES;
				GCC_PREFIX_HEADER = "yelpbeacon/yelpbeacon-Prefix.pch";
				INFOPLIST_FILE = "yelpbeacon/yelpbeacon-Info.plist";
				PRODUCT_NAME = "$(TARGET_NAME)";
				WRAPPER_EXTENSION = app;
			};
			name = Release;
		};
		E59366EB19818519005166A9 /* Debug */ = {
			isa = XCBuildConfiguration;
			buildSettings = {
				BUNDLE_LOADER = "$(BUILT_PRODUCTS_DIR)/yelpbeacon.app/yelpbeacon";
				FRAMEWORK_SEARCH_PATHS = (
					"$(SDKROOT)/Developer/Library/Frameworks",
					"$(inherited)",
					"$(DEVELOPER_FRAMEWORKS_DIR)",
				);
				GCC_PRECOMPILE_PREFIX_HEADER = YES;
				GCC_PREFIX_HEADER = "yelpbeacon/yelpbeacon-Prefix.pch";
				GCC_PREPROCESSOR_DEFINITIONS = (
					"DEBUG=1",
					"$(inherited)",
				);
				INFOPLIST_FILE = "yelpbeaconTests/yelpbeaconTests-Info.plist";
				PRODUCT_NAME = "$(TARGET_NAME)";
				TEST_HOST = "$(BUNDLE_LOADER)";
				WRAPPER_EXTENSION = xctest;
			};
			name = Debug;
		};
		E59366EC19818519005166A9 /* Release */ = {
			isa = XCBuildConfiguration;
			buildSettings = {
				BUNDLE_LOADER = "$(BUILT_PRODUCTS_DIR)/yelpbeacon.app/yelpbeacon";
				FRAMEWORK_SEARCH_PATHS = (
					"$(SDKROOT)/Developer/Library/Frameworks",
					"$(inherited)",
					"$(DEVELOPER_FRAMEWORKS_DIR)",
				);
				GCC_PRECOMPILE_PREFIX_HEADER = YES;
				GCC_PREFIX_HEADER = "yelpbeacon/yelpbeacon-Prefix.pch";
				INFOPLIST_FILE = "yelpbeaconTests/yelpbeaconTests-Info.plist";
				PRODUCT_NAME = "$(TARGET_NAME)";
				TEST_HOST = "$(BUNDLE_LOADER)";
				WRAPPER_EXTENSION = xctest;
			};
			name = Release;
		};
/* End XCBuildConfiguration section */

/* Begin XCConfigurationList section */
		E59366B619818518005166A9 /* Build configuration list for PBXProject "yelpbeacon" */ = {
			isa = XCConfigurationList;
			buildConfigurations = (
				E59366E519818519005166A9 /* Debug */,
				E59366E619818519005166A9 /* Release */,
			);
			defaultConfigurationIsVisible = 0;
			defaultConfigurationName = Release;
		};
		E59366E719818519005166A9 /* Build configuration list for PBXNativeTarget "yelpbeacon" */ = {
			isa = XCConfigurationList;
			buildConfigurations = (
				E59366E819818519005166A9 /* Debug */,
				E59366E919818519005166A9 /* Release */,
			);
			defaultConfigurationIsVisible = 0;
		};
		E59366EA19818519005166A9 /* Build configuration list for PBXNativeTarget "yelpbeaconTests" */ = {
			isa = XCConfigurationList;
			buildConfigurations = (
				E59366EB19818519005166A9 /* Debug */,
				E59366EC19818519005166A9 /* Release */,
			);
			defaultConfigurationIsVisible = 0;
		};
/* End XCConfigurationList section */
	};
	rootObject = E59366B319818518005166A9 /* Project object */;
}
